
Microsoft Visual Studio Solution File, Format Version 12.00
# Visual Studio 14
VisualStudioVersion = 14.0.25420.1
MinimumVisualStudioVersion = 10.0.40219.1
Project("{8BC9CEB8-8B4A-11D0-8D11-00A0C91BC942}") = "Plano", "Plano\Plano.vcxproj", "{1D117468-1224-421E-939A-164090E6EEF5}"
EndProject
Project("{8BC9CEB8-8B4A-11D0-8D11-00A0C91BC942}") = "planoPhong", "planoPhong\planoPhong.vcxproj", "{232F42D9-4F45-40A4-90E7-823A0954F51B}"
EndProject
Project("{8BC9CEB8-8B4A-11D0-8D11-00A0C91BC942}") = "Texturizado", "Texturizado\Texturizado.vcxproj", "{5E83AFBA-2518-4CB0-BB17-0B5C50B69F06}"
EndProject
Project("{8BC9CEB8-8B4A-11D0-8D11-00A0C91BC942}") = "DobleTextura", "DobleTextura\DobleTextura.vcxproj", "{7DBF0CED-0BD6-4BF8-9CAA-1D1476601A54}"
EndProject
Project("{8BC9CEB8-8B4A-11D0-8D11-00A0C91BC942}") = "HeightMap", "HeightMap\HeightMap.vcxproj", "{4842B24C-09B7-4B97-8C18-B3E2ADE88868}"
EndProject
Project("{8BC9CEB8-8B4A-11D0-8D11-00A0C91BC942}") = "BumpMap", "BumpMap\BumpMap.vcxproj", "{608F62FF-F09A-4D81-98EF-252AA01C22A7}"
EndProject
Project("{8BC9CEB8-8B4A-11D0-8D11-00A0C91BC942}") = "Pacman", "Pacman\Pacman.vcxproj", "{E6F2E24E-99D1-4995-8195-9EC829AE1E13}"
EndProject
Project("{8BC9CEB8-8B4A-11D0-8D11-00A0C91BC942}") = "filtros", "filtros\filtros.vcxproj", "{B9DB10AE-CB76-4DBA-B9F9-C348C88A3E38}"
EndProject
Project("{8BC9CEB8-8B4A-11D0-8D11-00A0C91BC942}") = "planoGourad", "planoGourad\planoGourad.vcxproj", "{CC6DEC0C-A170-4579-9330-FC3A44ED9999}"
EndProject
Project("{8BC9CEB8-8B4A-11D0-8D11-00A0C91BC942}") = "cube", "cube\cube.vcxproj", "{BD50EA39-03BA-47D5-93C6-3A86B9A59A13}"
EndProject
Project("{8BC9CEB8-8B4A-11D0-8D11-00A0C91BC942}") = "Laberinto", "Laberinto\Laberinto.vcxproj", "{449AF9C6-8499-451A-BA17-BE924EB3A976}"
EndProject
Project("{8BC9CEB8-8B4A-11D0-8D11-00A0C91BC942}") = "Triangle", "Triangle\Triangle.vcxproj", "{9FB5CEB4-858E-4752-9148-DA96FA242FF8}"
EndProject
Global
	GlobalSection(SolutionConfigurationPlatforms) = preSolution
		Debug|x64 = Debug|x64
		Debug|x86 = Debug|x86
		Release|x64 = Release|x64
		Release|x86 = Release|x86
	EndGlobalSection
	GlobalSection(ProjectConfigurationPlatforms) = postSolution
		{1D117468-1224-421E-939A-164090E6EEF5}.Debug|x64.ActiveCfg = Debug|x64
		{1D117468-1224-421E-939A-164090E6EEF5}.Debug|x64.Build.0 = Debug|x64
		{1D117468-1224-421E-939A-164090E6EEF5}.Debug|x86.ActiveCfg = Debug|Win32
		{1D117468-1224-421E-939A-164090E6EEF5}.Debug|x86.Build.0 = Debug|Win32
		{1D117468-1224-421E-939A-164090E6EEF5}.Release|x64.ActiveCfg = Release|x64
		{1D117468-1224-421E-939A-164090E6EEF5}.Release|x64.Build.0 = Release|x64
		{1D117468-1224-421E-939A-164090E6EEF5}.Release|x86.ActiveCfg = Release|Win32
		{1D117468-1224-421E-939A-164090E6EEF5}.Release|x86.Build.0 = Release|Win32
		{232F42D9-4F45-40A4-90E7-823A0954F51B}.Debug|x64.ActiveCfg = Debug|x64
		{232F42D9-4F45-40A4-90E7-823A0954F51B}.Debug|x64.Build.0 = Debug|x64
		{232F42D9-4F45-40A4-90E7-823A0954F51B}.Debug|x86.ActiveCfg = Debug|Win32
		{232F42D9-4F45-40A4-90E7-823A0954F51B}.Debug|x86.Build.0 = Debug|Win32
		{232F42D9-4F45-40A4-90E7-823A0954F51B}.Release|x64.ActiveCfg = Release|x64
		{232F42D9-4F45-40A4-90E7-823A0954F51B}.Release|x64.Build.0 = Release|x64
		{232F42D9-4F45-40A4-90E7-823A0954F51B}.Release|x86.ActiveCfg = Release|Win32
		{232F42D9-4F45-40A4-90E7-823A0954F51B}.Release|x86.Build.0 = Release|Win32
		{5E83AFBA-2518-4CB0-BB17-0B5C50B69F06}.Debug|x64.ActiveCfg = Debug|x64
		{5E83AFBA-2518-4CB0-BB17-0B5C50B69F06}.Debug|x64.Build.0 = Debug|x64
		{5E83AFBA-2518-4CB0-BB17-0B5C50B69F06}.Debug|x86.ActiveCfg = Debug|Win32
		{5E83AFBA-2518-4CB0-BB17-0B5C50B69F06}.Debug|x86.Build.0 = Debug|Win32
		{5E83AFBA-2518-4CB0-BB17-0B5C50B69F06}.Release|x64.ActiveCfg = Release|x64
		{5E83AFBA-2518-4CB0-BB17-0B5C50B69F06}.Release|x64.Build.0 = Release|x64
		{5E83AFBA-2518-4CB0-BB17-0B5C50B69F06}.Release|x86.ActiveCfg = Release|Win32
		{5E83AFBA-2518-4CB0-BB17-0B5C50B69F06}.Release|x86.Build.0 = Release|Win32
		{7DBF0CED-0BD6-4BF8-9CAA-1D1476601A54}.Debug|x64.ActiveCfg = Debug|x64
		{7DBF0CED-0BD6-4BF8-9CAA-1D1476601A54}.Debug|x64.Build.0 = Debug|x64
		{7DBF0CED-0BD6-4BF8-9CAA-1D1476601A54}.Debug|x86.ActiveCfg = Debug|Win32
		{7DBF0CED-0BD6-4BF8-9CAA-1D1476601A54}.Debug|x86.Build.0 = Debug|Win32
		{7DBF0CED-0BD6-4BF8-9CAA-1D1476601A54}.Release|x64.ActiveCfg = Release|x64
		{7DBF0CED-0BD6-4BF8-9CAA-1D1476601A54}.Release|x64.Build.0 = Release|x64
		{7DBF0CED-0BD6-4BF8-9CAA-1D1476601A54}.Release|x86.ActiveCfg = Release|Win32
		{7DBF0CED-0BD6-4BF8-9CAA-1D1476601A54}.Release|x86.Build.0 = Release|Win32
		{4842B24C-09B7-4B97-8C18-B3E2ADE88868}.Debug|x64.ActiveCfg = Debug|x64
		{4842B24C-09B7-4B97-8C18-B3E2ADE88868}.Debug|x64.Build.0 = Debug|x64
		{4842B24C-09B7-4B97-8C18-B3E2ADE88868}.Debug|x86.ActiveCfg = Debug|Win32
		{4842B24C-09B7-4B97-8C18-B3E2ADE88868}.Debug|x86.Build.0 = Debug|Win32
		{4842B24C-09B7-4B97-8C18-B3E2ADE88868}.Release|x64.ActiveCfg = Release|x64
		{4842B24C-09B7-4B97-8C18-B3E2ADE88868}.Release|x64.Build.0 = Release|x64
		{4842B24C-09B7-4B97-8C18-B3E2ADE88868}.Release|x86.ActiveCfg = Release|Win32
		{4842B24C-09B7-4B97-8C18-B3E2ADE88868}.Release|x86.Build.0 = Release|Win32
		{608F62FF-F09A-4D81-98EF-252AA01C22A7}.Debug|x64.ActiveCfg = Debug|x64
		{608F62FF-F09A-4D81-98EF-252AA01C22A7}.Debug|x64.Build.0 = Debug|x64
		{608F62FF-F09A-4D81-98EF-252AA01C22A7}.Debug|x86.ActiveCfg = Debug|Win32
		{608F62FF-F09A-4D81-98EF-252AA01C22A7}.Debug|x86.Build.0 = Debug|Win32
		{608F62FF-F09A-4D81-98EF-252AA01C22A7}.Release|x64.ActiveCfg = Release|x64
		{608F62FF-F09A-4D81-98EF-252AA01C22A7}.Release|x64.Build.0 = Release|x64
		{608F62FF-F09A-4D81-98EF-252AA01C22A7}.Release|x86.ActiveCfg = Release|Win32
		{608F62FF-F09A-4D81-98EF-252AA01C22A7}.Release|x86.Build.0 = Release|Win32
		{E6F2E24E-99D1-4995-8195-9EC829AE1E13}.Debug|x64.ActiveCfg = Debug|x64
		{E6F2E24E-99D1-4995-8195-9EC829AE1E13}.Debug|x64.Build.0 = Debug|x64
		{E6F2E24E-99D1-4995-8195-9EC829AE1E13}.Debug|x86.ActiveCfg = Debug|Win32
		{E6F2E24E-99D1-4995-8195-9EC829AE1E13}.Debug|x86.Build.0 = Debug|Win32
		{E6F2E24E-99D1-4995-8195-9EC829AE1E13}.Release|x64.ActiveCfg = Release|x64
		{E6F2E24E-99D1-4995-8195-9EC829AE1E13}.Release|x64.Build.0 = Release|x64
		{E6F2E24E-99D1-4995-8195-9EC829AE1E13}.Release|x86.ActiveCfg = Release|Win32
		{E6F2E24E-99D1-4995-8195-9EC829AE1E13}.Release|x86.Build.0 = Release|Win32
		{B9DB10AE-CB76-4DBA-B9F9-C348C88A3E38}.Debug|x64.ActiveCfg = Debug|x64
		{B9DB10AE-CB76-4DBA-B9F9-C348C88A3E38}.Debug|x64.Build.0 = Debug|x64
		{B9DB10AE-CB76-4DBA-B9F9-C348C88A3E38}.Debug|x86.ActiveCfg = Debug|Win32
		{B9DB10AE-CB76-4DBA-B9F9-C348C88A3E38}.Debug|x86.Build.0 = Debug|Win32
		{B9DB10AE-CB76-4DBA-B9F9-C348C88A3E38}.Release|x64.ActiveCfg = Release|x64
		{B9DB10AE-CB76-4DBA-B9F9-C348C88A3E38}.Release|x64.Build.0 = Release|x64
		{B9DB10AE-CB76-4DBA-B9F9-C348C88A3E38}.Release|x86.ActiveCfg = Release|Win32
		{B9DB10AE-CB76-4DBA-B9F9-C348C88A3E38}.Release|x86.Build.0 = Release|Win32
		{CC6DEC0C-A170-4579-9330-FC3A44ED9999}.Debug|x64.ActiveCfg = Debug|x64
		{CC6DEC0C-A170-4579-9330-FC3A44ED9999}.Debug|x64.Build.0 = Debug|x64
		{CC6DEC0C-A170-4579-9330-FC3A44ED9999}.Debug|x86.ActiveCfg = Debug|Win32
		{CC6DEC0C-A170-4579-9330-FC3A44ED9999}.Debug|x86.Build.0 = Debug|Win32
		{CC6DEC0C-A170-4579-9330-FC3A44ED9999}.Release|x64.ActiveCfg = Release|x64
		{CC6DEC0C-A170-4579-9330-FC3A44ED9999}.Release|x64.Build.0 = Release|x64
		{CC6DEC0C-A170-4579-9330-FC3A44ED9999}.Release|x86.ActiveCfg = Release|Win32
		{CC6DEC0C-A170-4579-9330-FC3A44ED9999}.Release|x86.Build.0 = Release|Win32
		{BD50EA39-03BA-47D5-93C6-3A86B9A59A13}.Debug|x64.ActiveCfg = Debug|x64
		{BD50EA39-03BA-47D5-93C6-3A86B9A59A13}.Debug|x64.Build.0 = Debug|x64
		{BD50EA39-03BA-47D5-93C6-3A86B9A59A13}.Debug|x86.ActiveCfg = Debug|Win32
		{BD50EA39-03BA-47D5-93C6-3A86B9A59A13}.Debug|x86.Build.0 = Debug|Win32
		{BD50EA39-03BA-47D5-93C6-3A86B9A59A13}.Release|x64.ActiveCfg = Release|x64
		{BD50EA39-03BA-47D5-93C6-3A86B9A59A13}.Release|x64.Build.0 = Release|x64
		{BD50EA39-03BA-47D5-93C6-3A86B9A59A13}.Release|x86.ActiveCfg = Release|Win32
		{BD50EA39-03BA-47D5-93C6-3A86B9A59A13}.Release|x86.Build.0 = Release|Win32
		{449AF9C6-8499-451A-BA17-BE924EB3A976}.Debug|x64.ActiveCfg = Debug|x64
		{449AF9C6-8499-451A-BA17-BE924EB3A976}.Debug|x64.Build.0 = Debug|x64
		{449AF9C6-8499-451A-BA17-BE924EB3A976}.Debug|x86.ActiveCfg = Debug|Win32
		{449AF9C6-8499-451A-BA17-BE924EB3A976}.Debug|x86.Build.0 = Debug|Win32
		{449AF9C6-8499-451A-BA17-BE924EB3A976}.Release|x64.ActiveCfg = Release|x64
		{449AF9C6-8499-451A-BA17-BE924EB3A976}.Release|x64.Build.0 = Release|x64
		{449AF9C6-8499-451A-BA17-BE924EB3A976}.Release|x86.ActiveCfg = Release|Win32
		{449AF9C6-8499-451A-BA17-BE924EB3A976}.Release|x86.Build.0 = Release|Win32
		{9FB5CEB4-858E-4752-9148-DA96FA242FF8}.Debug|x64.ActiveCfg = Debug|x64
		{9FB5CEB4-858E-4752-9148-DA96FA242FF8}.Debug|x64.Build.0 = Debug|x64
		{9FB5CEB4-858E-4752-9148-DA96FA242FF8}.Debug|x86.ActiveCfg = Debug|Win32
		{9FB5CEB4-858E-4752-9148-DA96FA242FF8}.Debug|x86.Build.0 = Debug|Win32
		{9FB5CEB4-858E-4752-9148-DA96FA242FF8}.Release|x64.ActiveCfg = Release|x64
		{9FB5CEB4-858E-4752-9148-DA96FA242FF8}.Release|x64.Build.0 = Release|x64
		{9FB5CEB4-858E-4752-9148-DA96FA242FF8}.Release|x86.ActiveCfg = Release|Win32
		{9FB5CEB4-858E-4752-9148-DA96FA242FF8}.Release|x86.Build.0 = Release|Win32
	EndGlobalSection
	GlobalSection(SolutionProperties) = preSolution
		HideSolutionNode = FALSE
	EndGlobalSection
EndGlobal
